
Microsoft Visual Studio Solution File, Format Version 12.00
# Visual Studio Version 17
VisualStudioVersion = 17.11.35312.102
MinimumVisualStudioVersion = 10.0.40219.1
Project("{FAE04EC0-301F-11D3-BF4B-00C04F79EFBC}") = "Ejemplo2G06RegistroUsuario", "Ejemplo2G06RegistroUsuario\Ejemplo2G06RegistroUsuario.csproj", "{1EB511C3-04B2-4184-9935-86ED5784D2D9}"
EndProject
Global
	GlobalSection(SolutionConfigurationPlatforms) = preSolution
		Debug|Any CPU = Debug|Any CPU
		Release|Any CPU = Release|Any CPU
	EndGlobalSection
	GlobalSection(ProjectConfigurationPlatforms) = postSolution
		{1EB511C3-04B2-4184-9935-86ED5784D2D9}.Debug|Any CPU.ActiveCfg = Debug|Any CPU
		{1EB511C3-04B2-4184-9935-86ED5784D2D9}.Debug|Any CPU.Build.0 = Debug|Any CPU
		{1EB511C3-04B2-4184-9935-86ED5784D2D9}.Release|Any CPU.ActiveCfg = Release|Any CPU
		{1EB511C3-04B2-4184-9935-86ED5784D2D9}.Release|Any CPU.Build.0 = Release|Any CPU
	EndGlobalSection
	GlobalSection(SolutionProperties) = preSolution
		HideSolutionNode = FALSE
	EndGlobalSection
	GlobalSection(ExtensibilityGlobals) = postSolution
		SolutionGuid = {DEE4E56D-81A5-4688-B6D8-DA473F365D70}
	EndGlobalSection
EndGlobal
